
Microsoft Visual Studio Solution File, Format Version 10.00
# Visual Studio 2008
Project("{FAE04EC0-301F-11D3-BF4B-00C04F79EFBC}") = "CVR100A_U_DSDK_Demo", "CVR100A_U_DSDK_Demo.csproj", "{1FF76D4A-6B70-4113-B014-B1AE5422D5CA}"
EndProject
Global
	GlobalSection(SolutionConfigurationPlatforms) = preSolution
		Debug|Any CPU = Debug|Any CPU
		Release|Any CPU = Release|Any CPU
	EndGlobalSection
	GlobalSection(ProjectConfigurationPlatforms) = postSolution
		{1FF76D4A-6B70-4113-B014-B1AE5422D5CA}.Debug|Any CPU.ActiveCfg = Debug|Any CPU
		{1FF76D4A-6B70-4113-B014-B1AE5422D5CA}.Debug|Any CPU.Build.0 = Debug|Any CPU
		{1FF76D4A-6B70-4113-B014-B1AE5422D5CA}.Release|Any CPU.ActiveCfg = Release|Any CPU
		{1FF76D4A-6B70-4113-B014-B1AE5422D5CA}.Release|Any CPU.Build.0 = Release|Any CPU
	EndGlobalSection
	GlobalSection(SolutionProperties) = preSolution
		HideSolutionNode = FALSE
	EndGlobalSection
EndGlobal
